
Microsoft Visual Studio Solution File, Format Version 12.00
# Visual Studio Version 16
VisualStudioVersion = 16.0.31424.327
MinimumVisualStudioVersion = 10.0.40219.1
Project("{FAE04EC0-301F-11D3-BF4B-00C04F79EFBC}") = "AppMiniPOS1.Android", "AppMiniPOS1\AppMiniPOS1.Android\AppMiniPOS1.Android.csproj", "{C747E4A4-E8F4-4BE4-A381-6010E945DBC5}"
EndProject
Project("{FAE04EC0-301F-11D3-BF4B-00C04F79EFBC}") = "AppMiniPOS1", "AppMiniPOS1\AppMiniPOS1\AppMiniPOS1.csproj", "{6925C42F-95C7-4D6B-A02C-192D4C0F7248}"
EndProject
Global
	GlobalSection(SolutionConfigurationPlatforms) = preSolution
		Debug|Any CPU = Debug|Any CPU
		Release|Any CPU = Release|Any CPU
	EndGlobalSection
	GlobalSection(ProjectConfigurationPlatforms) = postSolution
		{C747E4A4-E8F4-4BE4-A381-6010E945DBC5}.Debug|Any CPU.ActiveCfg = Debug|Any CPU
		{C747E4A4-E8F4-4BE4-A381-6010E945DBC5}.Debug|Any CPU.Build.0 = Debug|Any CPU
		{C747E4A4-E8F4-4BE4-A381-6010E945DBC5}.Debug|Any CPU.Deploy.0 = Debug|Any CPU
		{C747E4A4-E8F4-4BE4-A381-6010E945DBC5}.Release|Any CPU.ActiveCfg = Release|Any CPU
		{C747E4A4-E8F4-4BE4-A381-6010E945DBC5}.Release|Any CPU.Build.0 = Release|Any CPU
		{C747E4A4-E8F4-4BE4-A381-6010E945DBC5}.Release|Any CPU.Deploy.0 = Release|Any CPU
		{6925C42F-95C7-4D6B-A02C-192D4C0F7248}.Debug|Any CPU.ActiveCfg = Debug|Any CPU
		{6925C42F-95C7-4D6B-A02C-192D4C0F7248}.Debug|Any CPU.Build.0 = Debug|Any CPU
		{6925C42F-95C7-4D6B-A02C-192D4C0F7248}.Debug|Any CPU.Deploy.0 = Debug|Any CPU
		{6925C42F-95C7-4D6B-A02C-192D4C0F7248}.Release|Any CPU.ActiveCfg = Release|Any CPU
		{6925C42F-95C7-4D6B-A02C-192D4C0F7248}.Release|Any CPU.Build.0 = Release|Any CPU
		{6925C42F-95C7-4D6B-A02C-192D4C0F7248}.Release|Any CPU.Deploy.0 = Release|Any CPU
	EndGlobalSection
	GlobalSection(SolutionProperties) = preSolution
		HideSolutionNode = FALSE
	EndGlobalSection
	GlobalSection(ExtensibilityGlobals) = postSolution
		SolutionGuid = {7A26D426-B8E2-48B9-9A9A-E7EEA8C6B41C}
	EndGlobalSection
EndGlobal
